{
  "version": 4,
  "terraform_version": "1.6.6",
  "serial": 196,
  "lineage": "d903686c-b104-5be0-bf33-d6e6715f3db6",
  "outputs": {},
  "resources": [
    {
      "module": "module.website",
      "mode": "data",
      "type": "aws_iam_policy_document",
      "name": "website_policy",
      "provider": "provider[\"registry.terraform.io/hashicorp/aws\"]",
      "instances": [
        {
          "schema_version": 0,
          "attributes": {
            "id": "2190276275",
            "json": "{\n  \"Version\": \"2012-10-17\",\n  \"Statement\": [\n    {\n      \"Sid\": \"\",\n      \"Effect\": \"Allow\",\n      \"Action\": \"s3:GetObject\",\n      \"Resource\": \"arn:aws:s3:::angeloceccato-website-content/*\",\n      \"Principal\": {\n        \"AWS\": \"*\"\n      }\n    }\n  ]\n}",
            "override_json": null,
            "override_policy_documents": null,
            "policy_id": null,
            "source_json": null,
            "source_policy_documents": null,
            "statement": [
              {
                "actions": [
                  "s3:GetObject"
                ],
                "condition": [],
                "effect": "Allow",
                "not_actions": [],
                "not_principals": [],
                "not_resources": [],
                "principals": [
                  {
                    "identifiers": [
                      "*"
                    ],
                    "type": "AWS"
                  }
                ],
                "resources": [
                  "arn:aws:s3:::angeloceccato-website-content/*"
                ],
                "sid": ""
              }
            ],
            "version": "2012-10-17"
          },
          "sensitive_attributes": []
        }
      ]
    },
    {
      "module": "module.website",
      "mode": "managed",
      "type": "aws_acm_certificate",
      "name": "default",
      "provider": "provider[\"registry.terraform.io/hashicorp/aws\"].certificates",
      "instances": [
        {
          "schema_version": 0,
          "attributes": {
            "arn": "arn:aws:acm:us-east-1:372876206736:certificate/71e11493-aa74-4dc2-9bd2-244aa1065af8",
            "certificate_authority_arn": "",
            "certificate_body": null,
            "certificate_chain": null,
            "domain_name": "angeloceccato.com",
            "domain_validation_options": [
              {
                "domain_name": "*.angeloceccato.com",
                "resource_record_name": "_559b3b7d2cabc8c359c7203436217993.angeloceccato.com.",
                "resource_record_type": "CNAME",
                "resource_record_value": "_187f8212f96dc02353200597ffe40dc6.hnyhpvdqhv.acm-validations.aws."
              },
              {
                "domain_name": "*.angeloceccato.it",
                "resource_record_name": "_ff4c0500a9e0d1edcb9a5b426ff6f301.angeloceccato.it.",
                "resource_record_type": "CNAME",
                "resource_record_value": "_db92bd87a57c7dbee3d9dab2c6c8f5ee.hnyhpvdqhv.acm-validations.aws."
              },
              {
                "domain_name": "angeloceccato.com",
                "resource_record_name": "_559b3b7d2cabc8c359c7203436217993.angeloceccato.com.",
                "resource_record_type": "CNAME",
                "resource_record_value": "_187f8212f96dc02353200597ffe40dc6.hnyhpvdqhv.acm-validations.aws."
              },
              {
                "domain_name": "angeloceccato.it",
                "resource_record_name": "_ff4c0500a9e0d1edcb9a5b426ff6f301.angeloceccato.it.",
                "resource_record_type": "CNAME",
                "resource_record_value": "_db92bd87a57c7dbee3d9dab2c6c8f5ee.hnyhpvdqhv.acm-validations.aws."
              }
            ],
            "id": "arn:aws:acm:us-east-1:372876206736:certificate/71e11493-aa74-4dc2-9bd2-244aa1065af8",
            "options": [
              {
                "certificate_transparency_logging_preference": "ENABLED"
              }
            ],
            "private_key": null,
            "status": "ISSUED",
            "subject_alternative_names": [
              "*.angeloceccato.com",
              "*.angeloceccato.it",
              "angeloceccato.com",
              "angeloceccato.it"
            ],
            "tags": {},
            "tags_all": {},
            "validation_emails": [],
            "validation_method": "DNS",
            "validation_option": []
          },
          "sensitive_attributes": [],
          "private": "bnVsbA==",
          "create_before_destroy": true
        }
      ]
    },
    {
      "module": "module.website",
      "mode": "managed",
      "type": "aws_acm_certificate_validation",
      "name": "default",
      "provider": "provider[\"registry.terraform.io/hashicorp/aws\"].certificates",
      "instances": [
        {
          "schema_version": 0,
          "attributes": {
            "certificate_arn": "arn:aws:acm:us-east-1:372876206736:certificate/71e11493-aa74-4dc2-9bd2-244aa1065af8",
            "id": "2022-06-15 20:26:30.865 +0000 UTC",
            "timeouts": null,
            "validation_record_fqdns": [
              "_559b3b7d2cabc8c359c7203436217993.angeloceccato.com",
              "_ff4c0500a9e0d1edcb9a5b426ff6f301.angeloceccato.it"
            ]
          },
          "sensitive_attributes": [],
          "private": "eyJlMmJmYjczMC1lY2FhLTExZTYtOGY4OC0zNDM2M2JjN2M0YzAiOnsiY3JlYXRlIjo0NTAwMDAwMDAwMDAwfX0=",
          "dependencies": [
            "module.website.aws_acm_certificate.default",
            "module.website.aws_route53_record.cert_all",
            "module.website.aws_route53_zone.primary",
            "module.website.aws_route53_zone.secondary"
          ]
        }
      ]
    },
    {
      "module": "module.website",
      "mode": "managed",
      "type": "aws_cloudfront_distribution",
      "name": "s3_distribution",
      "provider": "provider[\"registry.terraform.io/hashicorp/aws\"]",
      "instances": [
        {
          "schema_version": 1,
          "attributes": {
            "aliases": [
              "*.angeloceccato.com",
              "*.angeloceccato.it",
              "angeloceccato.com",
              "angeloceccato.it"
            ],
            "arn": "arn:aws:cloudfront::372876206736:distribution/E134JZE6VZJIZM",
            "caller_reference": "terraform-20220601182446990800000002",
            "comment": "my-website-cloudfront",
            "custom_error_response": [],
            "default_cache_behavior": [
              {
                "allowed_methods": [
                  "DELETE",
                  "GET",
                  "HEAD",
                  "OPTIONS",
                  "PATCH",
                  "POST",
                  "PUT"
                ],
                "cache_policy_id": "",
                "cached_methods": [
                  "GET",
                  "HEAD"
                ],
                "compress": false,
                "default_ttl": 3600,
                "field_level_encryption_id": "",
                "forwarded_values": [
                  {
                    "cookies": [
                      {
                        "forward": "none",
                        "whitelisted_names": []
                      }
                    ],
                    "headers": [],
                    "query_string": false,
                    "query_string_cache_keys": []
                  }
                ],
                "function_association": [],
                "lambda_function_association": [],
                "max_ttl": 86400,
                "min_ttl": 0,
                "origin_request_policy_id": "",
                "realtime_log_config_arn": "",
                "response_headers_policy_id": "",
                "smooth_streaming": false,
                "target_origin_id": "angeloceccato-website-content",
                "trusted_key_groups": [],
                "trusted_signers": [],
                "viewer_protocol_policy": "redirect-to-https"
              }
            ],
            "default_root_object": "index.html",
            "domain_name": "dssqkj1981x2t.cloudfront.net",
            "enabled": true,
            "etag": "E2TRFVM48H7U6U",
            "hosted_zone_id": "Z2FDTNDATAQYW2",
            "http_version": "http2",
            "id": "E134JZE6VZJIZM",
            "in_progress_validation_batches": 0,
            "is_ipv6_enabled": true,
            "last_modified_time": "2024-08-25 19:20:46.067 +0000 UTC",
            "logging_config": [],
            "ordered_cache_behavior": [
              {
                "allowed_methods": [
                  "GET",
                  "HEAD",
                  "OPTIONS"
                ],
                "cache_policy_id": "",
                "cached_methods": [
                  "GET",
                  "HEAD",
                  "OPTIONS"
                ],
                "compress": true,
                "default_ttl": 86400,
                "field_level_encryption_id": "",
                "forwarded_values": [
                  {
                    "cookies": [
                      {
                        "forward": "none",
                        "whitelisted_names": []
                      }
                    ],
                    "headers": [
                      "Origin"
                    ],
                    "query_string": false,
                    "query_string_cache_keys": []
                  }
                ],
                "function_association": [],
                "lambda_function_association": [],
                "max_ttl": 31536000,
                "min_ttl": 0,
                "origin_request_policy_id": "",
                "path_pattern": "/post/*",
                "realtime_log_config_arn": "",
                "response_headers_policy_id": "",
                "smooth_streaming": false,
                "target_origin_id": "angeloceccato-website-content",
                "trusted_key_groups": [],
                "trusted_signers": [],
                "viewer_protocol_policy": "redirect-to-https"
              },
              {
                "allowed_methods": [
                  "GET",
                  "HEAD",
                  "OPTIONS"
                ],
                "cache_policy_id": "",
                "cached_methods": [
                  "GET",
                  "HEAD"
                ],
                "compress": true,
                "default_ttl": 2592000,
                "field_level_encryption_id": "",
                "forwarded_values": [
                  {
                    "cookies": [
                      {
                        "forward": "none",
                        "whitelisted_names": []
                      }
                    ],
                    "headers": [],
                    "query_string": false,
                    "query_string_cache_keys": []
                  }
                ],
                "function_association": [],
                "lambda_function_association": [],
                "max_ttl": 31536000,
                "min_ttl": 0,
                "origin_request_policy_id": "",
                "path_pattern": "/img/*",
                "realtime_log_config_arn": "",
                "response_headers_policy_id": "",
                "smooth_streaming": false,
                "target_origin_id": "angeloceccato-website-content",
                "trusted_key_groups": [],
                "trusted_signers": [],
                "viewer_protocol_policy": "redirect-to-https"
              },
              {
                "allowed_methods": [
                  "GET",
                  "HEAD",
                  "OPTIONS"
                ],
                "cache_policy_id": "",
                "cached_methods": [
                  "GET",
                  "HEAD"
                ],
                "compress": true,
                "default_ttl": 2592000,
                "field_level_encryption_id": "",
                "forwarded_values": [
                  {
                    "cookies": [
                      {
                        "forward": "none",
                        "whitelisted_names": null
                      }
                    ],
                    "headers": [],
                    "query_string": false,
                    "query_string_cache_keys": []
                  }
                ],
                "function_association": [],
                "lambda_function_association": [],
                "max_ttl": 31536000,
                "min_ttl": 0,
                "origin_request_policy_id": "",
                "path_pattern": "/styles.css",
                "realtime_log_config_arn": "",
                "response_headers_policy_id": "",
                "smooth_streaming": false,
                "target_origin_id": "angeloceccato-website-content",
                "trusted_key_groups": null,
                "trusted_signers": null,
                "viewer_protocol_policy": "redirect-to-https"
              }
            ],
            "origin": [
              {
                "connection_attempts": 3,
                "connection_timeout": 10,
                "custom_header": [],
                "custom_origin_config": [
                  {
                    "http_port": 80,
                    "https_port": 443,
                    "origin_keepalive_timeout": 5,
                    "origin_protocol_policy": "http-only",
                    "origin_read_timeout": 30,
                    "origin_ssl_protocols": [
                      "TLSv1",
                      "TLSv1.1",
                      "TLSv1.2"
                    ]
                  }
                ],
                "domain_name": "angeloceccato-website-content.s3-website-eu-west-1.amazonaws.com",
                "origin_id": "angeloceccato-website-content",
                "origin_path": "",
                "origin_shield": [],
                "s3_origin_config": []
              }
            ],
            "origin_group": [],
            "price_class": "PriceClass_200",
            "restrictions": [
              {
                "geo_restriction": [
                  {
                    "locations": [],
                    "restriction_type": "none"
                  }
                ]
              }
            ],
            "retain_on_delete": false,
            "status": "Deployed",
            "tags": {},
            "tags_all": {},
            "trusted_key_groups": [
              {
                "enabled": false,
                "items": []
              }
            ],
            "trusted_signers": [
              {
                "enabled": false,
                "items": []
              }
            ],
            "viewer_certificate": [
              {
                "acm_certificate_arn": "arn:aws:acm:us-east-1:372876206736:certificate/71e11493-aa74-4dc2-9bd2-244aa1065af8",
                "cloudfront_default_certificate": false,
                "iam_certificate_id": "",
                "minimum_protocol_version": "TLSv1",
                "ssl_support_method": "sni-only"
              }
            ],
            "wait_for_deployment": true,
            "web_acl_id": ""
          },
          "sensitive_attributes": [],
          "private": "eyJzY2hlbWFfdmVyc2lvbiI6IjEifQ==",
          "dependencies": [
            "module.website.aws_acm_certificate.default",
            "module.website.aws_s3_bucket.website_bucket",
            "module.website.aws_s3_bucket_website_configuration.bucket_configuration"
          ]
        }
      ]
    },
    {
      "module": "module.website",
      "mode": "managed",
      "type": "aws_cloudfront_origin_access_identity",
      "name": "origin_access_identity",
      "provider": "provider[\"registry.terraform.io/hashicorp/aws\"]",
      "instances": [
        {
          "schema_version": 0,
          "attributes": {
            "caller_reference": "terraform-20220601182444871500000001",
            "cloudfront_access_identity_path": "origin-access-identity/cloudfront/E3TL421LBJCOHW",
            "comment": "angeloceccato-website-content",
            "etag": "E5I28X5U8369R",
            "iam_arn": "arn:aws:iam::cloudfront:user/CloudFront Origin Access Identity E3TL421LBJCOHW",
            "id": "E3TL421LBJCOHW",
            "s3_canonical_user_id": "9f089ae6ab306e1ceb5f4be09833b861cdee438d4f9bdb365068548edd269e4aa87020aacd6abcc612c8efaa7a58ea35"
          },
          "sensitive_attributes": [],
          "private": "bnVsbA=="
        }
      ]
    },
    {
      "module": "module.website",
      "mode": "managed",
      "type": "aws_route53_record",
      "name": "cert_all",
      "provider": "provider[\"registry.terraform.io/hashicorp/aws\"]",
      "instances": [
        {
          "index_key": "*.angeloceccato.com",
          "schema_version": 2,
          "attributes": {
            "alias": [],
            "allow_overwrite": true,
            "failover_routing_policy": [],
            "fqdn": "_559b3b7d2cabc8c359c7203436217993.angeloceccato.com",
            "geolocation_routing_policy": [],
            "health_check_id": "",
            "id": "Z0451968E30TRYKQZMJD__559b3b7d2cabc8c359c7203436217993.angeloceccato.com._CNAME",
            "latency_routing_policy": [],
            "multivalue_answer_routing_policy": null,
            "name": "_559b3b7d2cabc8c359c7203436217993.angeloceccato.com",
            "records": [
              "_187f8212f96dc02353200597ffe40dc6.hnyhpvdqhv.acm-validations.aws."
            ],
            "set_identifier": "",
            "ttl": 60,
            "type": "CNAME",
            "weighted_routing_policy": [],
            "zone_id": "Z0451968E30TRYKQZMJD"
          },
          "sensitive_attributes": [],
          "private": "eyJzY2hlbWFfdmVyc2lvbiI6IjIifQ==",
          "dependencies": [
            "module.website.aws_acm_certificate.default",
            "module.website.aws_route53_zone.primary",
            "module.website.aws_route53_zone.secondary"
          ]
        },
        {
          "index_key": "*.angeloceccato.it",
          "schema_version": 2,
          "attributes": {
            "alias": [],
            "allow_overwrite": true,
            "failover_routing_policy": [],
            "fqdn": "_ff4c0500a9e0d1edcb9a5b426ff6f301.angeloceccato.it",
            "geolocation_routing_policy": [],
            "health_check_id": "",
            "id": "Z045295533MUKL4NTB8ZI__ff4c0500a9e0d1edcb9a5b426ff6f301.angeloceccato.it._CNAME",
            "latency_routing_policy": [],
            "multivalue_answer_routing_policy": null,
            "name": "_ff4c0500a9e0d1edcb9a5b426ff6f301.angeloceccato.it",
            "records": [
              "_db92bd87a57c7dbee3d9dab2c6c8f5ee.hnyhpvdqhv.acm-validations.aws."
            ],
            "set_identifier": "",
            "ttl": 60,
            "type": "CNAME",
            "weighted_routing_policy": [],
            "zone_id": "Z045295533MUKL4NTB8ZI"
          },
          "sensitive_attributes": [],
          "private": "eyJzY2hlbWFfdmVyc2lvbiI6IjIifQ==",
          "dependencies": [
            "module.website.aws_acm_certificate.default",
            "module.website.aws_route53_zone.primary",
            "module.website.aws_route53_zone.secondary"
          ]
        },
        {
          "index_key": "angeloceccato.com",
          "schema_version": 2,
          "attributes": {
            "alias": [],
            "allow_overwrite": true,
            "failover_routing_policy": [],
            "fqdn": "_559b3b7d2cabc8c359c7203436217993.angeloceccato.com",
            "geolocation_routing_policy": [],
            "health_check_id": "",
            "id": "Z0451968E30TRYKQZMJD__559b3b7d2cabc8c359c7203436217993.angeloceccato.com._CNAME",
            "latency_routing_policy": [],
            "multivalue_answer_routing_policy": null,
            "name": "_559b3b7d2cabc8c359c7203436217993.angeloceccato.com",
            "records": [
              "_187f8212f96dc02353200597ffe40dc6.hnyhpvdqhv.acm-validations.aws."
            ],
            "set_identifier": "",
            "ttl": 60,
            "type": "CNAME",
            "weighted_routing_policy": [],
            "zone_id": "Z0451968E30TRYKQZMJD"
          },
          "sensitive_attributes": [],
          "private": "eyJzY2hlbWFfdmVyc2lvbiI6IjIifQ==",
          "dependencies": [
            "module.website.aws_acm_certificate.default",
            "module.website.aws_route53_zone.primary",
            "module.website.aws_route53_zone.secondary"
          ]
        },
        {
          "index_key": "angeloceccato.it",
          "schema_version": 2,
          "attributes": {
            "alias": [],
            "allow_overwrite": true,
            "failover_routing_policy": [],
            "fqdn": "_ff4c0500a9e0d1edcb9a5b426ff6f301.angeloceccato.it",
            "geolocation_routing_policy": [],
            "health_check_id": "",
            "id": "Z045295533MUKL4NTB8ZI__ff4c0500a9e0d1edcb9a5b426ff6f301.angeloceccato.it._CNAME",
            "latency_routing_policy": [],
            "multivalue_answer_routing_policy": null,
            "name": "_ff4c0500a9e0d1edcb9a5b426ff6f301.angeloceccato.it",
            "records": [
              "_db92bd87a57c7dbee3d9dab2c6c8f5ee.hnyhpvdqhv.acm-validations.aws."
            ],
            "set_identifier": "",
            "ttl": 60,
            "type": "CNAME",
            "weighted_routing_policy": [],
            "zone_id": "Z045295533MUKL4NTB8ZI"
          },
          "sensitive_attributes": [],
          "private": "eyJzY2hlbWFfdmVyc2lvbiI6IjIifQ==",
          "dependencies": [
            "module.website.aws_acm_certificate.default",
            "module.website.aws_route53_zone.primary",
            "module.website.aws_route53_zone.secondary"
          ]
        }
      ]
    },
    {
      "module": "module.website",
      "mode": "managed",
      "type": "aws_route53_record",
      "name": "www",
      "provider": "provider[\"registry.terraform.io/hashicorp/aws\"]",
      "instances": [
        {
          "schema_version": 2,
          "attributes": {
            "alias": [
              {
                "evaluate_target_health": false,
                "name": "dssqkj1981x2t.cloudfront.net",
                "zone_id": "Z2FDTNDATAQYW2"
              }
            ],
            "allow_overwrite": null,
            "failover_routing_policy": [],
            "fqdn": "angeloceccato.com",
            "geolocation_routing_policy": [],
            "health_check_id": "",
            "id": "Z0451968E30TRYKQZMJD_angeloceccato.com_A",
            "latency_routing_policy": [],
            "multivalue_answer_routing_policy": null,
            "name": "angeloceccato.com",
            "records": [],
            "set_identifier": "",
            "ttl": 0,
            "type": "A",
            "weighted_routing_policy": [],
            "zone_id": "Z0451968E30TRYKQZMJD"
          },
          "sensitive_attributes": [],
          "private": "eyJzY2hlbWFfdmVyc2lvbiI6IjIifQ==",
          "dependencies": [
            "module.website.aws_acm_certificate.default",
            "module.website.aws_cloudfront_distribution.s3_distribution",
            "module.website.aws_route53_zone.primary",
            "module.website.aws_s3_bucket.website_bucket",
            "module.website.aws_s3_bucket_website_configuration.bucket_configuration"
          ]
        }
      ]
    },
    {
      "module": "module.website",
      "mode": "managed",
      "type": "aws_route53_record",
      "name": "www_two",
      "provider": "provider[\"registry.terraform.io/hashicorp/aws\"]",
      "instances": [
        {
          "schema_version": 2,
          "attributes": {
            "alias": [
              {
                "evaluate_target_health": false,
                "name": "dssqkj1981x2t.cloudfront.net",
                "zone_id": "Z2FDTNDATAQYW2"
              }
            ],
            "allow_overwrite": null,
            "failover_routing_policy": [],
            "fqdn": "angeloceccato.it",
            "geolocation_routing_policy": [],
            "health_check_id": "",
            "id": "Z045295533MUKL4NTB8ZI_angeloceccato.it_A",
            "latency_routing_policy": [],
            "multivalue_answer_routing_policy": null,
            "name": "angeloceccato.it",
            "records": [],
            "set_identifier": "",
            "ttl": 0,
            "type": "A",
            "weighted_routing_policy": [],
            "zone_id": "Z045295533MUKL4NTB8ZI"
          },
          "sensitive_attributes": [],
          "private": "eyJzY2hlbWFfdmVyc2lvbiI6IjIifQ==",
          "dependencies": [
            "module.website.aws_acm_certificate.default",
            "module.website.aws_cloudfront_distribution.s3_distribution",
            "module.website.aws_route53_zone.secondary",
            "module.website.aws_s3_bucket.website_bucket",
            "module.website.aws_s3_bucket_website_configuration.bucket_configuration"
          ]
        }
      ]
    },
    {
      "module": "module.website",
      "mode": "managed",
      "type": "aws_route53_zone",
      "name": "primary",
      "provider": "provider[\"registry.terraform.io/hashicorp/aws\"]",
      "instances": [
        {
          "schema_version": 0,
          "attributes": {
            "arn": "arn:aws:route53:::hostedzone/Z0451968E30TRYKQZMJD",
            "comment": "Managed by Terraform",
            "delegation_set_id": "",
            "force_destroy": false,
            "id": "Z0451968E30TRYKQZMJD",
            "name": "angeloceccato.com",
            "name_servers": [
              "ns-1157.awsdns-16.org",
              "ns-1639.awsdns-12.co.uk",
              "ns-393.awsdns-49.com",
              "ns-644.awsdns-16.net"
            ],
            "tags": {},
            "tags_all": {},
            "vpc": [],
            "zone_id": "Z0451968E30TRYKQZMJD"
          },
          "sensitive_attributes": [],
          "private": "bnVsbA=="
        }
      ]
    },
    {
      "module": "module.website",
      "mode": "managed",
      "type": "aws_route53_zone",
      "name": "secondary",
      "provider": "provider[\"registry.terraform.io/hashicorp/aws\"]",
      "instances": [
        {
          "schema_version": 0,
          "attributes": {
            "arn": "arn:aws:route53:::hostedzone/Z045295533MUKL4NTB8ZI",
            "comment": "Managed by Terraform",
            "delegation_set_id": "",
            "force_destroy": false,
            "id": "Z045295533MUKL4NTB8ZI",
            "name": "angeloceccato.it",
            "name_servers": [
              "ns-1027.awsdns-00.org",
              "ns-1712.awsdns-22.co.uk",
              "ns-185.awsdns-23.com",
              "ns-547.awsdns-04.net"
            ],
            "tags": {},
            "tags_all": {},
            "vpc": [],
            "zone_id": "Z045295533MUKL4NTB8ZI"
          },
          "sensitive_attributes": [],
          "private": "bnVsbA=="
        }
      ]
    },
    {
      "module": "module.website",
      "mode": "managed",
      "type": "aws_s3_bucket",
      "name": "website_bucket",
      "provider": "provider[\"registry.terraform.io/hashicorp/aws\"]",
      "instances": [
        {
          "schema_version": 0,
          "attributes": {
            "acceleration_status": "",
            "acl": "private",
            "arn": "arn:aws:s3:::angeloceccato-website-content",
            "bucket": "angeloceccato-website-content",
            "bucket_domain_name": "angeloceccato-website-content.s3.amazonaws.com",
            "bucket_prefix": null,
            "bucket_regional_domain_name": "angeloceccato-website-content.s3.eu-west-1.amazonaws.com",
            "cors_rule": [],
            "force_destroy": true,
            "grant": [
              {
                "id": "e17ee8fe9e83a04c358b26883da34dde008fd334d382adcd883056564b8077ab",
                "permissions": [
                  "FULL_CONTROL"
                ],
                "type": "CanonicalUser",
                "uri": ""
              }
            ],
            "hosted_zone_id": "Z1BKCTXD74EZPE",
            "id": "angeloceccato-website-content",
            "lifecycle_rule": [],
            "logging": [],
            "object_lock_configuration": [],
            "object_lock_enabled": false,
            "policy": "{\"Version\":\"2012-10-17\",\"Statement\":[{\"Sid\":\"\",\"Effect\":\"Allow\",\"Principal\":{\"AWS\":\"*\"},\"Action\":\"s3:GetObject\",\"Resource\":\"arn:aws:s3:::angeloceccato-website-content/*\"}]}",
            "region": "eu-west-1",
            "replication_configuration": [],
            "request_payer": "BucketOwner",
            "server_side_encryption_configuration": [
              {
                "rule": [
                  {
                    "apply_server_side_encryption_by_default": [
                      {
                        "kms_master_key_id": "",
                        "sse_algorithm": "AES256"
                      }
                    ],
                    "bucket_key_enabled": false
                  }
                ]
              }
            ],
            "tags": {},
            "tags_all": {},
            "versioning": [
              {
                "enabled": false,
                "mfa_delete": false
              }
            ],
            "website": [
              {
                "error_document": "404.html",
                "index_document": "index.html",
                "redirect_all_requests_to": "",
                "routing_rules": ""
              }
            ],
            "website_domain": "s3-website-eu-west-1.amazonaws.com",
            "website_endpoint": "angeloceccato-website-content.s3-website-eu-west-1.amazonaws.com"
          },
          "sensitive_attributes": [],
          "private": "bnVsbA=="
        }
      ]
    },
    {
      "module": "module.website",
      "mode": "managed",
      "type": "aws_s3_bucket_acl",
      "name": "bucket_visibility",
      "provider": "provider[\"registry.terraform.io/hashicorp/aws\"]",
      "instances": [
        {
          "schema_version": 0,
          "attributes": {
            "access_control_policy": [
              {
                "grant": [
                  {
                    "grantee": [
                      {
                        "display_name": "angi99552+website",
                        "email_address": "",
                        "id": "e17ee8fe9e83a04c358b26883da34dde008fd334d382adcd883056564b8077ab",
                        "type": "CanonicalUser",
                        "uri": ""
                      }
                    ],
                    "permission": "FULL_CONTROL"
                  }
                ],
                "owner": [
                  {
                    "display_name": "angi99552+website",
                    "id": "e17ee8fe9e83a04c358b26883da34dde008fd334d382adcd883056564b8077ab"
                  }
                ]
              }
            ],
            "acl": "private",
            "bucket": "angeloceccato-website-content",
            "expected_bucket_owner": "",
            "id": "angeloceccato-website-content,private"
          },
          "sensitive_attributes": [],
          "private": "bnVsbA==",
          "dependencies": [
            "module.website.aws_s3_bucket.website_bucket"
          ]
        }
      ]
    },
    {
      "module": "module.website",
      "mode": "managed",
      "type": "aws_s3_bucket_policy",
      "name": "account_policy",
      "provider": "provider[\"registry.terraform.io/hashicorp/aws\"]",
      "instances": [
        {
          "schema_version": 0,
          "attributes": {
            "bucket": "angeloceccato-website-content",
            "id": "angeloceccato-website-content",
            "policy": "{\"Statement\":[{\"Action\":\"s3:GetObject\",\"Effect\":\"Allow\",\"Principal\":{\"AWS\":\"*\"},\"Resource\":\"arn:aws:s3:::angeloceccato-website-content/*\",\"Sid\":\"\"}],\"Version\":\"2012-10-17\"}"
          },
          "sensitive_attributes": [],
          "private": "bnVsbA==",
          "dependencies": [
            "module.website.aws_s3_bucket.website_bucket",
            "module.website.data.aws_iam_policy_document.website_policy"
          ]
        }
      ]
    },
    {
      "module": "module.website",
      "mode": "managed",
      "type": "aws_s3_bucket_versioning",
      "name": "no_versioning",
      "provider": "provider[\"registry.terraform.io/hashicorp/aws\"]",
      "instances": [
        {
          "schema_version": 0,
          "attributes": {
            "bucket": "angeloceccato-website-content",
            "expected_bucket_owner": "",
            "id": "angeloceccato-website-content",
            "mfa": null,
            "versioning_configuration": [
              {
                "mfa_delete": "Disabled",
                "status": "Suspended"
              }
            ]
          },
          "sensitive_attributes": [],
          "private": "bnVsbA==",
          "dependencies": [
            "module.website.aws_s3_bucket.website_bucket"
          ]
        }
      ]
    },
    {
      "module": "module.website",
      "mode": "managed",
      "type": "aws_s3_bucket_website_configuration",
      "name": "bucket_configuration",
      "provider": "provider[\"registry.terraform.io/hashicorp/aws\"]",
      "instances": [
        {
          "schema_version": 0,
          "attributes": {
            "bucket": "angeloceccato-website-content",
            "error_document": [
              {
                "key": "404.html"
              }
            ],
            "expected_bucket_owner": "",
            "id": "angeloceccato-website-content",
            "index_document": [
              {
                "suffix": "index.html"
              }
            ],
            "redirect_all_requests_to": [],
            "routing_rule": [],
            "routing_rules": "",
            "website_domain": "s3-website-eu-west-1.amazonaws.com",
            "website_endpoint": "angeloceccato-website-content.s3-website-eu-west-1.amazonaws.com"
          },
          "sensitive_attributes": [],
          "private": "bnVsbA==",
          "dependencies": [
            "module.website.aws_s3_bucket.website_bucket"
          ]
        }
      ]
    }
  ],
  "check_results": null
}
